// !$*UTF8*$!
{
	archiveVersion = 1;
	classes = {
	};
	objectVersion = 48;
	objects = {

/* Begin PBXBuildFile section */
		EC61CB8E204832DE00DC3FE1 /* AppDelegate.m in Sources */ = {isa = PBXBuildFile; fileRef = EC61CB8D204832DE00DC3FE1 /* AppDelegate.m */; };
		EC61CB91204832DE00DC3FE1 /* ViewController.m in Sources */ = {isa = PBXBuildFile; fileRef = EC61CB90204832DE00DC3FE1 /* ViewController.m */; };
		EC61CB94204832DE00DC3FE1 /* Main.storyboard in Resources */ = {isa = PBXBuildFile; fileRef = EC61CB92204832DE00DC3FE1 /* Main.storyboard */; };
		EC61CB96204832DE00DC3FE1 /* Assets.xcassets in Resources */ = {isa = PBXBuildFile; fileRef = EC61CB95204832DE00DC3FE1 /* Assets.xcassets */; };
		EC61CB99204832DE00DC3FE1 /* LaunchScreen.storyboard in Resources */ = {isa = PBXBuildFile; fileRef = EC61CB97204832DE00DC3FE1 /* LaunchScreen.storyboard */; };
		EC61CB9C204832DE00DC3FE1 /* main.m in Sources */ = {isa = PBXBuildFile; fileRef = EC61CB9B204832DE00DC3FE1 /* main.m */; };
		EC61CBA6204832DE00DC3FE1 /* PDLocationServiceTests.m in Sources */ = {isa = PBXBuildFile; fileRef = EC61CBA5204832DE00DC3FE1 /* PDLocationServiceTests.m */; };
		EC61CBB1204832DE00DC3FE1 /* PDLocationServiceUITests.m in Sources */ = {isa = PBXBuildFile; fileRef = EC61CBB0204832DE00DC3FE1 /* PDLocationServiceUITests.m */; };
		EC61CBC12048330F00DC3FE1 /* PDLocationService.m in Sources */ = {isa = PBXBuildFile; fileRef = EC61CBC02048330F00DC3FE1 /* PDLocationService.m */; };
/* End PBXBuildFile section */

/* Begin PBXContainerItemProxy section */
		EC61CBA2204832DE00DC3FE1 /* PBXContainerItemProxy */ = {
			isa = PBXContainerItemProxy;
			containerPortal = EC61CB81204832DE00DC3FE1 /* Project object */;
			proxyType = 1;
			remoteGlobalIDString = EC61CB88204832DE00DC3FE1;
			remoteInfo = PDLocationService;
		};
		EC61CBAD204832DE00DC3FE1 /* PBXContainerItemProxy */ = {
			isa = PBXContainerItemProxy;
			containerPortal = EC61CB81204832DE00DC3FE1 /* Project object */;
			proxyType = 1;
			remoteGlobalIDString = EC61CB88204832DE00DC3FE1;
			remoteInfo = PDLocationService;
		};
/* End PBXContainerItemProxy section */

/* Begin PBXFileReference section */
		EC61CB89204832DE00DC3FE1 /* PDLocationService.app */ = {isa = PBXFileReference; explicitFileType = wrapper.application; includeInIndex = 0; path = PDLocationService.app; sourceTree = BUILT_PRODUCTS_DIR; };
		EC61CB8C204832DE00DC3FE1 /* AppDelegate.h */ = {isa = PBXFileReference; lastKnownFileType = sourcecode.c.h; path = AppDelegate.h; sourceTree = "<group>"; };
		EC61CB8D204832DE00DC3FE1 /* AppDelegate.m */ = {isa = PBXFileReference; lastKnownFileType = sourcecode.c.objc; path = AppDelegate.m; sourceTree = "<group>"; };
		EC61CB8F204832DE00DC3FE1 /* ViewController.h */ = {isa = PBXFileReference; lastKnownFileType = sourcecode.c.h; path = ViewController.h; sourceTree = "<group>"; };
		EC61CB90204832DE00DC3FE1 /* ViewController.m */ = {isa = PBXFileReference; lastKnownFileType = sourcecode.c.objc; path = ViewController.m; sourceTree = "<group>"; };
		EC61CB93204832DE00DC3FE1 /* Base */ = {isa = PBXFileReference; lastKnownFileType = file.storyboard; name = Base; path = Base.lproj/Main.storyboard; sourceTree = "<group>"; };
		EC61CB95204832DE00DC3FE1 /* Assets.xcassets */ = {isa = PBXFileReference; lastKnownFileType = folder.assetcatalog; path = Assets.xcassets; sourceTree = "<group>"; };
		EC61CB98204832DE00DC3FE1 /* Base */ = {isa = PBXFileReference; lastKnownFileType = file.storyboard; name = Base; path = Base.lproj/LaunchScreen.storyboard; sourceTree = "<group>"; };
		EC61CB9A204832DE00DC3FE1 /* Info.plist */ = {isa = PBXFileReference; lastKnownFileType = text.plist.xml; path = Info.plist; sourceTree = "<group>"; };
		EC61CB9B204832DE00DC3FE1 /* main.m */ = {isa = PBXFileReference; lastKnownFileType = sourcecode.c.objc; path = main.m; sourceTree = "<group>"; };
		EC61CBA1204832DE00DC3FE1 /* PDLocationServiceTests.xctest */ = {isa = PBXFileReference; explicitFileType = wrapper.cfbundle; includeInIndex = 0; path = PDLocationServiceTests.xctest; sourceTree = BUILT_PRODUCTS_DIR; };
		EC61CBA5204832DE00DC3FE1 /* PDLocationServiceTests.m */ = {isa = PBXFileReference; lastKnownFileType = sourcecode.c.objc; path = PDLocationServiceTests.m; sourceTree = "<group>"; };
		EC61CBA7204832DE00DC3FE1 /* Info.plist */ = {isa = PBXFileReference; lastKnownFileType = text.plist.xml; path = Info.plist; sourceTree = "<group>"; };
		EC61CBAC204832DE00DC3FE1 /* PDLocationServiceUITests.xctest */ = {isa = PBXFileReference; explicitFileType = wrapper.cfbundle; includeInIndex = 0; path = PDLocationServiceUITests.xctest; sourceTree = BUILT_PRODUCTS_DIR; };
		EC61CBB0204832DE00DC3FE1 /* PDLocationServiceUITests.m */ = {isa = PBXFileReference; lastKnownFileType = sourcecode.c.objc; path = PDLocationServiceUITests.m; sourceTree = "<group>"; };
		EC61CBB2204832DE00DC3FE1 /* Info.plist */ = {isa = PBXFileReference; lastKnownFileType = text.plist.xml; path = Info.plist; sourceTree = "<group>"; };
		EC61CBBF2048330F00DC3FE1 /* PDLocationService.h */ = {isa = PBXFileReference; lastKnownFileType = sourcecode.c.h; path = PDLocationService.h; sourceTree = "<group>"; };
		EC61CBC02048330F00DC3FE1 /* PDLocationService.m */ = {isa = PBXFileReference; lastKnownFileType = sourcecode.c.objc; path = PDLocationService.m; sourceTree = "<group>"; };
/* End PBXFileReference section */

/* Begin PBXFrameworksBuildPhase section */
		EC61CB86204832DE00DC3FE1 /* Frameworks */ = {
			isa = PBXFrameworksBuildPhase;
			buildActionMask = 2147483647;
			files = (
			);
			runOnlyForDeploymentPostprocessing = 0;
		};
		EC61CB9E204832DE00DC3FE1 /* Frameworks */ = {
			isa = PBXFrameworksBuildPhase;
			buildActionMask = 2147483647;
			files = (
			);
			runOnlyForDeploymentPostprocessing = 0;
		};
		EC61CBA9204832DE00DC3FE1 /* Frameworks */ = {
			isa = PBXFrameworksBuildPhase;
			buildActionMask = 2147483647;
			files = (
			);
			runOnlyForDeploymentPostprocessing = 0;
		};
/* End PBXFrameworksBuildPhase section */

/* Begin PBXGroup section */
		EC61CB80204832DE00DC3FE1 = {
			isa = PBXGroup;
			children = (
				EC61CB8B204832DE00DC3FE1 /* PDLocationService */,
				EC61CBA4204832DE00DC3FE1 /* PDLocationServiceTests */,
				EC61CBAF204832DE00DC3FE1 /* PDLocationServiceUITests */,
				EC61CB8A204832DE00DC3FE1 /* Products */,
			);
			sourceTree = "<group>";
		};
		EC61CB8A204832DE00DC3FE1 /* Products */ = {
			isa = PBXGroup;
			children = (
				EC61CB89204832DE00DC3FE1 /* PDLocationService.app */,
				EC61CBA1204832DE00DC3FE1 /* PDLocationServiceTests.xctest */,
				EC61CBAC204832DE00DC3FE1 /* PDLocationServiceUITests.xctest */,
			);
			name = Products;
			sourceTree = "<group>";
		};
		EC61CB8B204832DE00DC3FE1 /* PDLocationService */ = {
			isa = PBXGroup;
			children = (
				EC61CBBE204832F200DC3FE1 /* Source */,
				EC61CB8C204832DE00DC3FE1 /* AppDelegate.h */,
				EC61CB8D204832DE00DC3FE1 /* AppDelegate.m */,
				EC61CB8F204832DE00DC3FE1 /* ViewController.h */,
				EC61CB90204832DE00DC3FE1 /* ViewController.m */,
				EC61CB92204832DE00DC3FE1 /* Main.storyboard */,
				EC61CB95204832DE00DC3FE1 /* Assets.xcassets */,
				EC61CB97204832DE00DC3FE1 /* LaunchScreen.storyboard */,
				EC61CB9A204832DE00DC3FE1 /* Info.plist */,
				EC61CB9B204832DE00DC3FE1 /* main.m */,
			);
			path = PDLocationService;
			sourceTree = "<group>";
		};
		EC61CBA4204832DE00DC3FE1 /* PDLocationServiceTests */ = {
			isa = PBXGroup;
			children = (
				EC61CBA5204832DE00DC3FE1 /* PDLocationServiceTests.m */,
				EC61CBA7204832DE00DC3FE1 /* Info.plist */,
			);
			path = PDLocationServiceTests;
			sourceTree = "<group>";
		};
		EC61CBAF204832DE00DC3FE1 /* PDLocationServiceUITests */ = {
			isa = PBXGroup;
			children = (
				EC61CBB0204832DE00DC3FE1 /* PDLocationServiceUITests.m */,
				EC61CBB2204832DE00DC3FE1 /* Info.plist */,
			);
			path = PDLocationServiceUITests;
			sourceTree = "<group>";
		};
		EC61CBBE204832F200DC3FE1 /* Source */ = {
			isa = PBXGroup;
			children = (
				EC61CBBF2048330F00DC3FE1 /* PDLocationService.h */,
				EC61CBC02048330F00DC3FE1 /* PDLocationService.m */,
			);
			path = Source;
			sourceTree = "<group>";
		};
/* End PBXGroup section */

/* Begin PBXNativeTarget section */
		EC61CB88204832DE00DC3FE1 /* PDLocationService */ = {
			isa = PBXNativeTarget;
			buildConfigurationList = EC61CBB5204832DE00DC3FE1 /* Build configuration list for PBXNativeTarget "PDLocationService" */;
			buildPhases = (
				EC61CB85204832DE00DC3FE1 /* Sources */,
				EC61CB86204832DE00DC3FE1 /* Frameworks */,
				EC61CB87204832DE00DC3FE1 /* Resources */,
			);
			buildRules = (
			);
			dependencies = (
			);
			name = PDLocationService;
			productName = PDLocationService;
			productReference = EC61CB89204832DE00DC3FE1 /* PDLocationService.app */;
			productType = "com.apple.product-type.application";
		};
		EC61CBA0204832DE00DC3FE1 /* PDLocationServiceTests */ = {
			isa = PBXNativeTarget;
			buildConfigurationList = EC61CBB8204832DE00DC3FE1 /* Build configuration list for PBXNativeTarget "PDLocationServiceTests" */;
			buildPhases = (
				EC61CB9D204832DE00DC3FE1 /* Sources */,
				EC61CB9E204832DE00DC3FE1 /* Frameworks */,
				EC61CB9F204832DE00DC3FE1 /* Resources */,
			);
			buildRules = (
			);
			dependencies = (
				EC61CBA3204832DE00DC3FE1 /* PBXTargetDependency */,
			);
			name = PDLocationServiceTests;
			productName = PDLocationServiceTests;
			productReference = EC61CBA1204832DE00DC3FE1 /* PDLocationServiceTests.xctest */;
			productType = "com.apple.product-type.bundle.unit-test";
		};
		EC61CBAB204832DE00DC3FE1 /* PDLocationServiceUITests */ = {
			isa = PBXNativeTarget;
			buildConfigurationList = EC61CBBB204832DE00DC3FE1 /* Build configuration list for PBXNativeTarget "PDLocationServiceUITests" */;
			buildPhases = (
				EC61CBA8204832DE00DC3FE1 /* Sources */,
				EC61CBA9204832DE00DC3FE1 /* Frameworks */,
				EC61CBAA204832DE00DC3FE1 /* Resources */,
			);
			buildRules = (
			);
			dependencies = (
				EC61CBAE204832DE00DC3FE1 /* PBXTargetDependency */,
			);
			name = PDLocationServiceUITests;
			productName = PDLocationServiceUITests;
			productReference = EC61CBAC204832DE00DC3FE1 /* PDLocationServiceUITests.xctest */;
			productType = "com.apple.product-type.bundle.ui-testing";
		};
/* End PBXNativeTarget section */

/* Begin PBXProject section */
		EC61CB81204832DE00DC3FE1 /* Project object */ = {
			isa = PBXProject;
			attributes = {
				LastUpgradeCheck = 0920;
				ORGANIZATIONNAME = PipeDog;
				TargetAttributes = {
					EC61CB88204832DE00DC3FE1 = {
						CreatedOnToolsVersion = 9.2;
						ProvisioningStyle = Automatic;
					};
					EC61CBA0204832DE00DC3FE1 = {
						CreatedOnToolsVersion = 9.2;
						ProvisioningStyle = Automatic;
						TestTargetID = EC61CB88204832DE00DC3FE1;
					};
					EC61CBAB204832DE00DC3FE1 = {
						CreatedOnToolsVersion = 9.2;
						ProvisioningStyle = Automatic;
						TestTargetID = EC61CB88204832DE00DC3FE1;
					};
				};
			};
			buildConfigurationList = EC61CB84204832DE00DC3FE1 /* Build configuration list for PBXProject "PDLocationService" */;
			compatibilityVersion = "Xcode 8.0";
			developmentRegion = en;
			hasScannedForEncodings = 0;
			knownRegions = (
				en,
				Base,
			);
			mainGroup = EC61CB80204832DE00DC3FE1;
			productRefGroup = EC61CB8A204832DE00DC3FE1 /* Products */;
			projectDirPath = "";
			projectRoot = "";
			targets = (
				EC61CB88204832DE00DC3FE1 /* PDLocationService */,
				EC61CBA0204832DE00DC3FE1 /* PDLocationServiceTests */,
				EC61CBAB204832DE00DC3FE1 /* PDLocationServiceUITests */,
			);
		};
/* End PBXProject section */

/* Begin PBXResourcesBuildPhase section */
		EC61CB87204832DE00DC3FE1 /* Resources */ = {
			isa = PBXResourcesBuildPhase;
			buildActionMask = 2147483647;
			files = (
				EC61CB99204832DE00DC3FE1 /* LaunchScreen.storyboard in Resources */,
				EC61CB96204832DE00DC3FE1 /* Assets.xcassets in Resources */,
				EC61CB94204832DE00DC3FE1 /* Main.storyboard in Resources */,
			);
			runOnlyForDeploymentPostprocessing = 0;
		};
		EC61CB9F204832DE00DC3FE1 /* Resources */ = {
			isa = PBXResourcesBuildPhase;
			buildActionMask = 2147483647;
			files = (
			);
			runOnlyForDeploymentPostprocessing = 0;
		};
		EC61CBAA204832DE00DC3FE1 /* Resources */ = {
			isa = PBXResourcesBuildPhase;
			buildActionMask = 2147483647;
			files = (
			);
			runOnlyForDeploymentPostprocessing = 0;
		};
/* End PBXResourcesBuildPhase section */

/* Begin PBXSourcesBuildPhase section */
		EC61CB85204832DE00DC3FE1 /* Sources */ = {
			isa = PBXSourcesBuildPhase;
			buildActionMask = 2147483647;
			files = (
				EC61CBC12048330F00DC3FE1 /* PDLocationService.m in Sources */,
				EC61CB91204832DE00DC3FE1 /* ViewController.m in Sources */,
				EC61CB9C204832DE00DC3FE1 /* main.m in Sources */,
				EC61CB8E204832DE00DC3FE1 /* AppDelegate.m in Sources */,
			);
			runOnlyForDeploymentPostprocessing = 0;
		};
		EC61CB9D204832DE00DC3FE1 /* Sources */ = {
			isa = PBXSourcesBuildPhase;
			buildActionMask = 2147483647;
			files = (
				EC61CBA6204832DE00DC3FE1 /* PDLocationServiceTests.m in Sources */,
			);
			runOnlyForDeploymentPostprocessing = 0;
		};
		EC61CBA8204832DE00DC3FE1 /* Sources */ = {
			isa = PBXSourcesBuildPhase;
			buildActionMask = 2147483647;
			files = (
				EC61CBB1204832DE00DC3FE1 /* PDLocationServiceUITests.m in Sources */,
			);
			runOnlyForDeploymentPostprocessing = 0;
		};
/* End PBXSourcesBuildPhase section */

/* Begin PBXTargetDependency section */
		EC61CBA3204832DE00DC3FE1 /* PBXTargetDependency */ = {
			isa = PBXTargetDependency;
			target = EC61CB88204832DE00DC3FE1 /* PDLocationService */;
			targetProxy = EC61CBA2204832DE00DC3FE1 /* PBXContainerItemProxy */;
		};
		EC61CBAE204832DE00DC3FE1 /* PBXTargetDependency */ = {
			isa = PBXTargetDependency;
			target = EC61CB88204832DE00DC3FE1 /* PDLocationService */;
			targetProxy = EC61CBAD204832DE00DC3FE1 /* PBXContainerItemProxy */;
		};
/* End PBXTargetDependency section */

/* Begin PBXVariantGroup section */
		EC61CB92204832DE00DC3FE1 /* Main.storyboard */ = {
			isa = PBXVariantGroup;
			children = (
				EC61CB93204832DE00DC3FE1 /* Base */,
			);
			name = Main.storyboard;
			sourceTree = "<group>";
		};
		EC61CB97204832DE00DC3FE1 /* LaunchScreen.storyboard */ = {
			isa = PBXVariantGroup;
			children = (
				EC61CB98204832DE00DC3FE1 /* Base */,
			);
			name = LaunchScreen.storyboard;
			sourceTree = "<group>";
		};
/* End PBXVariantGroup section */

/* Begin XCBuildConfiguration section */
		EC61CBB3204832DE00DC3FE1 /* Debug */ = {
			isa = XCBuildConfiguration;
			buildSettings = {
				ALWAYS_SEARCH_USER_PATHS = NO;
				CLANG_ANALYZER_NONNULL = YES;
				CLANG_ANALYZER_NUMBER_OBJECT_CONVERSION = YES_AGGRESSIVE;
				CLANG_CXX_LANGUAGE_STANDARD = "gnu++14";
				CLANG_CXX_LIBRARY = "libc++";
				CLANG_ENABLE_MODULES = YES;
				CLANG_ENABLE_OBJC_ARC = YES;
				CLANG_WARN_BLOCK_CAPTURE_AUTORELEASING = YES;
				CLANG_WARN_BOOL_CONVERSION = YES;
				CLANG_WARN_COMMA = YES;
				CLANG_WARN_CONSTANT_CONVERSION = YES;
				CLANG_WARN_DIRECT_OBJC_ISA_USAGE = YES_ERROR;
				CLANG_WARN_DOCUMENTATION_COMMENTS = YES;
				CLANG_WARN_EMPTY_BODY = YES;
				CLANG_WARN_ENUM_CONVERSION = YES;
				CLANG_WARN_INFINITE_RECURSION = YES;
				CLANG_WARN_INT_CONVERSION = YES;
				CLANG_WARN_NON_LITERAL_NULL_CONVERSION = YES;
				CLANG_WARN_OBJC_LITERAL_CONVERSION = YES;
				CLANG_WARN_OBJC_ROOT_CLASS = YES_ERROR;
				CLANG_WARN_RANGE_LOOP_ANALYSIS = YES;
				CLANG_WARN_STRICT_PROTOTYPES = YES;
				CLANG_WARN_SUSPICIOUS_MOVE = YES;
				CLANG_WARN_UNGUARDED_AVAILABILITY = YES_AGGRESSIVE;
				CLANG_WARN_UNREACHABLE_CODE = YES;
				CLANG_WARN__DUPLICATE_METHOD_MATCH = YES;
				CODE_SIGN_IDENTITY = "iPhone Developer";
				COPY_PHASE_STRIP = NO;
				DEBUG_INFORMATION_FORMAT = dwarf;
				ENABLE_STRICT_OBJC_MSGSEND = YES;
				ENABLE_TESTABILITY = YES;
				GCC_C_LANGUAGE_STANDARD = gnu11;
				GCC_DYNAMIC_NO_PIC = NO;
				GCC_NO_COMMON_BLOCKS = YES;
				GCC_OPTIMIZATION_LEVEL = 0;
				GCC_PREPROCESSOR_DEFINITIONS = (
					"DEBUG=1",
					"$(inherited)",
				);
				GCC_WARN_64_TO_32_BIT_CONVERSION = YES;
				GCC_WARN_ABOUT_RETURN_TYPE = YES_ERROR;
				GCC_WARN_UNDECLARED_SELECTOR = YES;
				GCC_WARN_UNINITIALIZED_AUTOS = YES_AGGRESSIVE;
				GCC_WARN_UNUSED_FUNCTION = YES;
				GCC_WARN_UNUSED_VARIABLE = YES;
				IPHONEOS_DEPLOYMENT_TARGET = 11.2;
				MTL_ENABLE_DEBUG_INFO = YES;
				ONLY_ACTIVE_ARCH = YES;
				SDKROOT = iphoneos;
			};
			name = Debug;
		};
		EC61CBB4204832DE00DC3FE1 /* Release */ = {
			isa = XCBuildConfiguration;
			buildSettings = {
				ALWAYS_SEARCH_USER_PATHS = NO;
				CLANG_ANALYZER_NONNULL = YES;
				CLANG_ANALYZER_NUMBER_OBJECT_CONVERSION = YES_AGGRESSIVE;
				CLANG_CXX_LANGUAGE_STANDARD = "gnu++14";
				CLANG_CXX_LIBRARY = "libc++";
				CLANG_ENABLE_MODULES = YES;
				CLANG_ENABLE_OBJC_ARC = YES;
				CLANG_WARN_BLOCK_CAPTURE_AUTORELEASING = YES;
				CLANG_WARN_BOOL_CONVERSION = YES;
				CLANG_WARN_COMMA = YES;
				CLANG_WARN_CONSTANT_CONVERSION = YES;
				CLANG_WARN_DIRECT_OBJC_ISA_USAGE = YES_ERROR;
				CLANG_WARN_DOCUMENTATION_COMMENTS = YES;
				CLANG_WARN_EMPTY_BODY = YES;
				CLANG_WARN_ENUM_CONVERSION = YES;
				CLANG_WARN_INFINITE_RECURSION = YES;
				CLANG_WARN_INT_CONVERSION = YES;
				CLANG_WARN_NON_LITERAL_NULL_CONVERSION = YES;
				CLANG_WARN_OBJC_LITERAL_CONVERSION = YES;
				CLANG_WARN_OBJC_ROOT_CLASS = YES_ERROR;
				CLANG_WARN_RANGE_LOOP_ANALYSIS = YES;
				CLANG_WARN_STRICT_PROTOTYPES = YES;
				CLANG_WARN_SUSPICIOUS_MOVE = YES;
				CLANG_WARN_UNGUARDED_AVAILABILITY = YES_AGGRESSIVE;
				CLANG_WARN_UNREACHABLE_CODE = YES;
				CLANG_WARN__DUPLICATE_METHOD_MATCH = YES;
				CODE_SIGN_IDENTITY = "iPhone Developer";
				COPY_PHASE_STRIP = NO;
				DEBUG_INFORMATION_FORMAT = "dwarf-with-dsym";
				ENABLE_NS_ASSERTIONS = NO;
				ENABLE_STRICT_OBJC_MSGSEND = YES;
				GCC_C_LANGUAGE_STANDARD = gnu11;
				GCC_NO_COMMON_BLOCKS = YES;
				GCC_WARN_64_TO_32_BIT_CONVERSION = YES;
				GCC_WARN_ABOUT_RETURN_TYPE = YES_ERROR;
				GCC_WARN_UNDECLARED_SELECTOR = YES;
				GCC_WARN_UNINITIALIZED_AUTOS = YES_AGGRESSIVE;
				GCC_WARN_UNUSED_FUNCTION = YES;
				GCC_WARN_UNUSED_VARIABLE = YES;
				IPHONEOS_DEPLOYMENT_TARGET = 11.2;
				MTL_ENABLE_DEBUG_INFO = NO;
				SDKROOT = iphoneos;
				VALIDATE_PRODUCT = YES;
			};
			name = Release;
		};
		EC61CBB6204832DE00DC3FE1 /* Debug */ = {
			isa = XCBuildConfiguration;
			buildSettings = {
				ASSETCATALOG_COMPILER_APPICON_NAME = AppIcon;
				CODE_SIGN_STYLE = Automatic;
				INFOPLIST_FILE = PDLocationService/Info.plist;
				LD_RUNPATH_SEARCH_PATHS = "$(inherited) @executable_path/Frameworks";
				PRODUCT_BUNDLE_IDENTIFIER = PipeDog.PDLocationService;
				PRODUCT_NAME = "$(TARGET_NAME)";
				TARGETED_DEVICE_FAMILY = "1,2";
			};
			name = Debug;
		};
		EC61CBB7204832DE00DC3FE1 /* Release */ = {
			isa = XCBuildConfiguration;
			buildSettings = {
				ASSETCATALOG_COMPILER_APPICON_NAME = AppIcon;
				CODE_SIGN_STYLE = Automatic;
				INFOPLIST_FILE = PDLocationService/Info.plist;
				LD_RUNPATH_SEARCH_PATHS = "$(inherited) @executable_path/Frameworks";
				PRODUCT_BUNDLE_IDENTIFIER = PipeDog.PDLocationService;
				PRODUCT_NAME = "$(TARGET_NAME)";
				TARGETED_DEVICE_FAMILY = "1,2";
			};
			name = Release;
		};
		EC61CBB9204832DE00DC3FE1 /* Debug */ = {
			isa = XCBuildConfiguration;
			buildSettings = {
				BUNDLE_LOADER = "$(TEST_HOST)";
				CODE_SIGN_STYLE = Automatic;
				INFOPLIST_FILE = PDLocationServiceTests/Info.plist;
				LD_RUNPATH_SEARCH_PATHS = "$(inherited) @executable_path/Frameworks @loader_path/Frameworks";
				PRODUCT_BUNDLE_IDENTIFIER = PipeDog.PDLocationServiceTests;
				PRODUCT_NAME = "$(TARGET_NAME)";
				TARGETED_DEVICE_FAMILY = "1,2";
				TEST_HOST = "$(BUILT_PRODUCTS_DIR)/PDLocationService.app/PDLocationService";
			};
			name = Debug;
		};
		EC61CBBA204832DE00DC3FE1 /* Release */ = {
			isa = XCBuildConfiguration;
			buildSettings = {
				BUNDLE_LOADER = "$(TEST_HOST)";
				CODE_SIGN_STYLE = Automatic;
				INFOPLIST_FILE = PDLocationServiceTests/Info.plist;
				LD_RUNPATH_SEARCH_PATHS = "$(inherited) @executable_path/Frameworks @loader_path/Frameworks";
				PRODUCT_BUNDLE_IDENTIFIER = PipeDog.PDLocationServiceTests;
				PRODUCT_NAME = "$(TARGET_NAME)";
				TARGETED_DEVICE_FAMILY = "1,2";
				TEST_HOST = "$(BUILT_PRODUCTS_DIR)/PDLocationService.app/PDLocationService";
			};
			name = Release;
		};
		EC61CBBC204832DE00DC3FE1 /* Debug */ = {
			isa = XCBuildConfiguration;
			buildSettings = {
				CODE_SIGN_STYLE = Automatic;
				INFOPLIST_FILE = PDLocationServiceUITests/Info.plist;
				LD_RUNPATH_SEARCH_PATHS = "$(inherited) @executable_path/Frameworks @loader_path/Frameworks";
				PRODUCT_BUNDLE_IDENTIFIER = PipeDog.PDLocationServiceUITests;
				PRODUCT_NAME = "$(TARGET_NAME)";
				TARGETED_DEVICE_FAMILY = "1,2";
				TEST_TARGET_NAME = PDLocationService;
			};
			name = Debug;
		};
		EC61CBBD204832DE00DC3FE1 /* Release */ = {
			isa = XCBuildConfiguration;
			buildSettings = {
				CODE_SIGN_STYLE = Automatic;
				INFOPLIST_FILE = PDLocationServiceUITests/Info.plist;
				LD_RUNPATH_SEARCH_PATHS = "$(inherited) @executable_path/Frameworks @loader_path/Frameworks";
				PRODUCT_BUNDLE_IDENTIFIER = PipeDog.PDLocationServiceUITests;
				PRODUCT_NAME = "$(TARGET_NAME)";
				TARGETED_DEVICE_FAMILY = "1,2";
				TEST_TARGET_NAME = PDLocationService;
			};
			name = Release;
		};
/* End XCBuildConfiguration section */

/* Begin XCConfigurationList section */
		EC61CB84204832DE00DC3FE1 /* Build configuration list for PBXProject "PDLocationService" */ = {
			isa = XCConfigurationList;
			buildConfigurations = (
				EC61CBB3204832DE00DC3FE1 /* Debug */,
				EC61CBB4204832DE00DC3FE1 /* Release */,
			);
			defaultConfigurationIsVisible = 0;
			defaultConfigurationName = Release;
		};
		EC61CBB5204832DE00DC3FE1 /* Build configuration list for PBXNativeTarget "PDLocationService" */ = {
			isa = XCConfigurationList;
			buildConfigurations = (
				EC61CBB6204832DE00DC3FE1 /* Debug */,
				EC61CBB7204832DE00DC3FE1 /* Release */,
			);
			defaultConfigurationIsVisible = 0;
			defaultConfigurationName = Release;
		};
		EC61CBB8204832DE00DC3FE1 /* Build configuration list for PBXNativeTarget "PDLocationServiceTests" */ = {
			isa = XCConfigurationList;
			buildConfigurations = (
				EC61CBB9204832DE00DC3FE1 /* Debug */,
				EC61CBBA204832DE00DC3FE1 /* Release */,
			);
			defaultConfigurationIsVisible = 0;
			defaultConfigurationName = Release;
		};
		EC61CBBB204832DE00DC3FE1 /* Build configuration list for PBXNativeTarget "PDLocationServiceUITests" */ = {
			isa = XCConfigurationList;
			buildConfigurations = (
				EC61CBBC204832DE00DC3FE1 /* Debug */,
				EC61CBBD204832DE00DC3FE1 /* Release */,
			);
			defaultConfigurationIsVisible = 0;
			defaultConfigurationName = Release;
		};
/* End XCConfigurationList section */
	};
	rootObject = EC61CB81204832DE00DC3FE1 /* Project object */;
}
